
Microsoft Visual Studio Solution File, Format Version 12.00
# Visual Studio Express 2012 for Windows Desktop
Project("{FAE04EC0-301F-11D3-BF4B-00C04F79EFBC}") = "P5hh", "P5hh\P5hh.csproj", "{0CADF223-40F1-4219-B643-8D9C9F010778}"
EndProject
Global
	GlobalSection(SolutionConfigurationPlatforms) = preSolution
		Debug|Any CPU = Debug|Any CPU
		Release|Any CPU = Release|Any CPU
	EndGlobalSection
	GlobalSection(ProjectConfigurationPlatforms) = postSolution
		{0CADF223-40F1-4219-B643-8D9C9F010778}.Debug|Any CPU.ActiveCfg = Debug|Any CPU
		{0CADF223-40F1-4219-B643-8D9C9F010778}.Debug|Any CPU.Build.0 = Debug|Any CPU
		{0CADF223-40F1-4219-B643-8D9C9F010778}.Release|Any CPU.ActiveCfg = Release|Any CPU
		{0CADF223-40F1-4219-B643-8D9C9F010778}.Release|Any CPU.Build.0 = Release|Any CPU
	EndGlobalSection
	GlobalSection(SolutionProperties) = preSolution
		HideSolutionNode = FALSE
	EndGlobalSection
EndGlobal
